
Microsoft Visual Studio Solution File, Format Version 12.00
# Visual Studio 2010
Project("{2150E333-8FDC-42A3-9474-1A3956D46DE8}") = "Solution Items", "Solution Items", "{ED93FF0C-1952-4453-A9D8-EE1C3CAC45F5}"
	ProjectSection(SolutionItems) = preProject
		Local.testsettings = Local.testsettings
		TimeSheetMobile2.vsmdi = TimeSheetMobile2.vsmdi
		TraceAndTestImpact.testsettings = TraceAndTestImpact.testsettings
	EndProjectSection
EndProject
Project("{FAE04EC0-301F-11D3-BF4B-00C04F79EFBC}") = "TimeSheetMobileWeb", "TimeSheetMobileWeb\TimeSheetMobileWeb.csproj", "{6EF1C7BE-D737-4903-8086-19E2D9A3C076}"
EndProject
Project("{FAE04EC0-301F-11D3-BF4B-00C04F79EFBC}") = "TimeSheetBusiness", "TimeSheetBusiness\TimeSheetBusiness.csproj", "{FA1A4B78-5ADE-4C04-A419-0F70DA83F11B}"
EndProject
Project("{FAE04EC0-301F-11D3-BF4B-00C04F79EFBC}") = "TimeSheetIBusiness", "TimeSheetIBusiness\TimeSheetIBusiness.csproj", "{FD55A39F-3AC7-4F98-A3AB-AE8A1A3EFF8A}"
EndProject
Project("{FAE04EC0-301F-11D3-BF4B-00C04F79EFBC}") = "TimeSheetModules", "TimeSheetModules\TimeSheetModules.csproj", "{8906B8E3-B0CA-41F4-B9B9-522819E2DCC3}"
EndProject
Project("{FAE04EC0-301F-11D3-BF4B-00C04F79EFBC}") = "WCFHelpers", "WCFHelpers\WCFHelpers.csproj", "{508B6AF7-B6E2-4016-8714-4C6F71B0C465}"
EndProject
Project("{FAE04EC0-301F-11D3-BF4B-00C04F79EFBC}") = "PSITest", "PSITest\PSITest.csproj", "{08AF0365-5D73-4F97-BEC4-AD60BA9B15DB}"
EndProject
Project("{FAE04EC0-301F-11D3-BF4B-00C04F79EFBC}") = "PSIStressTest", "PSIStressTest\PSIStressTest.csproj", "{05C221DC-0335-4B5E-AD4A-FB92B84053C4}"
EndProject
Global
	GlobalSection(TestCaseManagementSettings) = postSolution
		CategoryFile = TimeSheetMobile2.vsmdi
	EndGlobalSection
	GlobalSection(SolutionConfigurationPlatforms) = preSolution
		Debug|Any CPU = Debug|Any CPU
		Debug|Mixed Platforms = Debug|Mixed Platforms
		Debug|x64 = Debug|x64
		Debug|x86 = Debug|x86
		Release|Any CPU = Release|Any CPU
		Release|Mixed Platforms = Release|Mixed Platforms
		Release|x64 = Release|x64
		Release|x86 = Release|x86
	EndGlobalSection
	GlobalSection(ProjectConfigurationPlatforms) = postSolution
		{6EF1C7BE-D737-4903-8086-19E2D9A3C076}.Debug|Any CPU.ActiveCfg = Debug|Any CPU
		{6EF1C7BE-D737-4903-8086-19E2D9A3C076}.Debug|Any CPU.Build.0 = Debug|Any CPU
		{6EF1C7BE-D737-4903-8086-19E2D9A3C076}.Debug|Mixed Platforms.ActiveCfg = Debug|Any CPU
		{6EF1C7BE-D737-4903-8086-19E2D9A3C076}.Debug|Mixed Platforms.Build.0 = Debug|Any CPU
		{6EF1C7BE-D737-4903-8086-19E2D9A3C076}.Debug|x64.ActiveCfg = Debug|Any CPU
		{6EF1C7BE-D737-4903-8086-19E2D9A3C076}.Debug|x64.Build.0 = Debug|Any CPU
		{6EF1C7BE-D737-4903-8086-19E2D9A3C076}.Debug|x86.ActiveCfg = Debug|x64
		{6EF1C7BE-D737-4903-8086-19E2D9A3C076}.Release|Any CPU.ActiveCfg = Release|Any CPU
		{6EF1C7BE-D737-4903-8086-19E2D9A3C076}.Release|Any CPU.Build.0 = Release|Any CPU
		{6EF1C7BE-D737-4903-8086-19E2D9A3C076}.Release|Mixed Platforms.ActiveCfg = Release|x64
		{6EF1C7BE-D737-4903-8086-19E2D9A3C076}.Release|Mixed Platforms.Build.0 = Release|x64
		{6EF1C7BE-D737-4903-8086-19E2D9A3C076}.Release|x64.ActiveCfg = Release|x64
		{6EF1C7BE-D737-4903-8086-19E2D9A3C076}.Release|x64.Build.0 = Release|x64
		{6EF1C7BE-D737-4903-8086-19E2D9A3C076}.Release|x86.ActiveCfg = Release|x64
		{FA1A4B78-5ADE-4C04-A419-0F70DA83F11B}.Debug|Any CPU.ActiveCfg = Debug|Any CPU
		{FA1A4B78-5ADE-4C04-A419-0F70DA83F11B}.Debug|Any CPU.Build.0 = Debug|Any CPU
		{FA1A4B78-5ADE-4C04-A419-0F70DA83F11B}.Debug|Mixed Platforms.ActiveCfg = Debug|Any CPU
		{FA1A4B78-5ADE-4C04-A419-0F70DA83F11B}.Debug|Mixed Platforms.Build.0 = Debug|Any CPU
		{FA1A4B78-5ADE-4C04-A419-0F70DA83F11B}.Debug|x64.ActiveCfg = Debug|Any CPU
		{FA1A4B78-5ADE-4C04-A419-0F70DA83F11B}.Debug|x64.Build.0 = Debug|Any CPU
		{FA1A4B78-5ADE-4C04-A419-0F70DA83F11B}.Debug|x86.ActiveCfg = Debug|x86
		{FA1A4B78-5ADE-4C04-A419-0F70DA83F11B}.Debug|x86.Build.0 = Debug|x86
		{FA1A4B78-5ADE-4C04-A419-0F70DA83F11B}.Release|Any CPU.ActiveCfg = Release|Any CPU
		{FA1A4B78-5ADE-4C04-A419-0F70DA83F11B}.Release|Any CPU.Build.0 = Release|Any CPU
		{FA1A4B78-5ADE-4C04-A419-0F70DA83F11B}.Release|Mixed Platforms.ActiveCfg = Release|x86
		{FA1A4B78-5ADE-4C04-A419-0F70DA83F11B}.Release|Mixed Platforms.Build.0 = Release|x86
		{FA1A4B78-5ADE-4C04-A419-0F70DA83F11B}.Release|x64.ActiveCfg = Release|x64
		{FA1A4B78-5ADE-4C04-A419-0F70DA83F11B}.Release|x64.Build.0 = Release|x64
		{FA1A4B78-5ADE-4C04-A419-0F70DA83F11B}.Release|x86.ActiveCfg = Release|x86
		{FA1A4B78-5ADE-4C04-A419-0F70DA83F11B}.Release|x86.Build.0 = Release|x86
		{FD55A39F-3AC7-4F98-A3AB-AE8A1A3EFF8A}.Debug|Any CPU.ActiveCfg = Debug|Any CPU
		{FD55A39F-3AC7-4F98-A3AB-AE8A1A3EFF8A}.Debug|Any CPU.Build.0 = Debug|Any CPU
		{FD55A39F-3AC7-4F98-A3AB-AE8A1A3EFF8A}.Debug|Mixed Platforms.ActiveCfg = Debug|Any CPU
		{FD55A39F-3AC7-4F98-A3AB-AE8A1A3EFF8A}.Debug|Mixed Platforms.Build.0 = Debug|Any CPU
		{FD55A39F-3AC7-4F98-A3AB-AE8A1A3EFF8A}.Debug|x64.ActiveCfg = Debug|Any CPU
		{FD55A39F-3AC7-4F98-A3AB-AE8A1A3EFF8A}.Debug|x64.Build.0 = Debug|Any CPU
		{FD55A39F-3AC7-4F98-A3AB-AE8A1A3EFF8A}.Debug|x86.ActiveCfg = Debug|x64
		{FD55A39F-3AC7-4F98-A3AB-AE8A1A3EFF8A}.Release|Any CPU.ActiveCfg = Release|Any CPU
		{FD55A39F-3AC7-4F98-A3AB-AE8A1A3EFF8A}.Release|Any CPU.Build.0 = Release|Any CPU
		{FD55A39F-3AC7-4F98-A3AB-AE8A1A3EFF8A}.Release|Mixed Platforms.ActiveCfg = Release|x64
		{FD55A39F-3AC7-4F98-A3AB-AE8A1A3EFF8A}.Release|Mixed Platforms.Build.0 = Release|x64
		{FD55A39F-3AC7-4F98-A3AB-AE8A1A3EFF8A}.Release|x64.ActiveCfg = Release|x64
		{FD55A39F-3AC7-4F98-A3AB-AE8A1A3EFF8A}.Release|x64.Build.0 = Release|x64
		{FD55A39F-3AC7-4F98-A3AB-AE8A1A3EFF8A}.Release|x86.ActiveCfg = Release|x64
		{8906B8E3-B0CA-41F4-B9B9-522819E2DCC3}.Debug|Any CPU.ActiveCfg = Debug|Any CPU
		{8906B8E3-B0CA-41F4-B9B9-522819E2DCC3}.Debug|Any CPU.Build.0 = Debug|Any CPU
		{8906B8E3-B0CA-41F4-B9B9-522819E2DCC3}.Debug|Mixed Platforms.ActiveCfg = Debug|Any CPU
		{8906B8E3-B0CA-41F4-B9B9-522819E2DCC3}.Debug|Mixed Platforms.Build.0 = Debug|Any CPU
		{8906B8E3-B0CA-41F4-B9B9-522819E2DCC3}.Debug|x64.ActiveCfg = Debug|Any CPU
		{8906B8E3-B0CA-41F4-B9B9-522819E2DCC3}.Debug|x64.Build.0 = Debug|Any CPU
		{8906B8E3-B0CA-41F4-B9B9-522819E2DCC3}.Debug|x86.ActiveCfg = Debug|x64
		{8906B8E3-B0CA-41F4-B9B9-522819E2DCC3}.Release|Any CPU.ActiveCfg = Release|Any CPU
		{8906B8E3-B0CA-41F4-B9B9-522819E2DCC3}.Release|Any CPU.Build.0 = Release|Any CPU
		{8906B8E3-B0CA-41F4-B9B9-522819E2DCC3}.Release|Mixed Platforms.ActiveCfg = Release|x64
		{8906B8E3-B0CA-41F4-B9B9-522819E2DCC3}.Release|Mixed Platforms.Build.0 = Release|x64
		{8906B8E3-B0CA-41F4-B9B9-522819E2DCC3}.Release|x64.ActiveCfg = Release|x64
		{8906B8E3-B0CA-41F4-B9B9-522819E2DCC3}.Release|x64.Build.0 = Release|x64
		{8906B8E3-B0CA-41F4-B9B9-522819E2DCC3}.Release|x86.ActiveCfg = Release|x64
		{508B6AF7-B6E2-4016-8714-4C6F71B0C465}.Debug|Any CPU.ActiveCfg = Debug|Any CPU
		{508B6AF7-B6E2-4016-8714-4C6F71B0C465}.Debug|Any CPU.Build.0 = Debug|Any CPU
		{508B6AF7-B6E2-4016-8714-4C6F71B0C465}.Debug|Mixed Platforms.ActiveCfg = Debug|Any CPU
		{508B6AF7-B6E2-4016-8714-4C6F71B0C465}.Debug|Mixed Platforms.Build.0 = Debug|Any CPU
		{508B6AF7-B6E2-4016-8714-4C6F71B0C465}.Debug|x64.ActiveCfg = Debug|Any CPU
		{508B6AF7-B6E2-4016-8714-4C6F71B0C465}.Debug|x86.ActiveCfg = Debug|Any CPU
		{508B6AF7-B6E2-4016-8714-4C6F71B0C465}.Release|Any CPU.ActiveCfg = Release|Any CPU
		{508B6AF7-B6E2-4016-8714-4C6F71B0C465}.Release|Any CPU.Build.0 = Release|Any CPU
		{508B6AF7-B6E2-4016-8714-4C6F71B0C465}.Release|Mixed Platforms.ActiveCfg = Release|Any CPU
		{508B6AF7-B6E2-4016-8714-4C6F71B0C465}.Release|Mixed Platforms.Build.0 = Release|Any CPU
		{508B6AF7-B6E2-4016-8714-4C6F71B0C465}.Release|x64.ActiveCfg = Release|Any CPU
		{508B6AF7-B6E2-4016-8714-4C6F71B0C465}.Release|x86.ActiveCfg = Release|Any CPU
		{08AF0365-5D73-4F97-BEC4-AD60BA9B15DB}.Debug|Any CPU.ActiveCfg = Debug|Any CPU
		{08AF0365-5D73-4F97-BEC4-AD60BA9B15DB}.Debug|Any CPU.Build.0 = Debug|Any CPU
		{08AF0365-5D73-4F97-BEC4-AD60BA9B15DB}.Debug|Mixed Platforms.ActiveCfg = Debug|Any CPU
		{08AF0365-5D73-4F97-BEC4-AD60BA9B15DB}.Debug|Mixed Platforms.Build.0 = Debug|Any CPU
		{08AF0365-5D73-4F97-BEC4-AD60BA9B15DB}.Debug|x64.ActiveCfg = Debug|Any CPU
		{08AF0365-5D73-4F97-BEC4-AD60BA9B15DB}.Debug|x86.ActiveCfg = Debug|Any CPU
		{08AF0365-5D73-4F97-BEC4-AD60BA9B15DB}.Release|Any CPU.ActiveCfg = Release|Any CPU
		{08AF0365-5D73-4F97-BEC4-AD60BA9B15DB}.Release|Any CPU.Build.0 = Release|Any CPU
		{08AF0365-5D73-4F97-BEC4-AD60BA9B15DB}.Release|Mixed Platforms.ActiveCfg = Release|Any CPU
		{08AF0365-5D73-4F97-BEC4-AD60BA9B15DB}.Release|Mixed Platforms.Build.0 = Release|Any CPU
		{08AF0365-5D73-4F97-BEC4-AD60BA9B15DB}.Release|x64.ActiveCfg = Release|Any CPU
		{08AF0365-5D73-4F97-BEC4-AD60BA9B15DB}.Release|x86.ActiveCfg = Release|Any CPU
		{05C221DC-0335-4B5E-AD4A-FB92B84053C4}.Debug|Any CPU.ActiveCfg = Debug|x86
		{05C221DC-0335-4B5E-AD4A-FB92B84053C4}.Debug|Mixed Platforms.ActiveCfg = Debug|x86
		{05C221DC-0335-4B5E-AD4A-FB92B84053C4}.Debug|Mixed Platforms.Build.0 = Debug|x86
		{05C221DC-0335-4B5E-AD4A-FB92B84053C4}.Debug|x64.ActiveCfg = Debug|x86
		{05C221DC-0335-4B5E-AD4A-FB92B84053C4}.Debug|x86.ActiveCfg = Debug|x86
		{05C221DC-0335-4B5E-AD4A-FB92B84053C4}.Debug|x86.Build.0 = Debug|x86
		{05C221DC-0335-4B5E-AD4A-FB92B84053C4}.Release|Any CPU.ActiveCfg = Release|x86
		{05C221DC-0335-4B5E-AD4A-FB92B84053C4}.Release|Mixed Platforms.ActiveCfg = Release|x86
		{05C221DC-0335-4B5E-AD4A-FB92B84053C4}.Release|Mixed Platforms.Build.0 = Release|x86
		{05C221DC-0335-4B5E-AD4A-FB92B84053C4}.Release|x64.ActiveCfg = Release|x86
		{05C221DC-0335-4B5E-AD4A-FB92B84053C4}.Release|x86.ActiveCfg = Release|x86
		{05C221DC-0335-4B5E-AD4A-FB92B84053C4}.Release|x86.Build.0 = Release|x86
	EndGlobalSection
	GlobalSection(SolutionProperties) = preSolution
		HideSolutionNode = FALSE
	EndGlobalSection
EndGlobal
